
Microsoft Visual Studio Solution File, Format Version 12.00
# Visual Studio Version 17
VisualStudioVersion = 17.11.35219.272
MinimumVisualStudioVersion = 10.0.40219.1
Project("{FAE04EC0-301F-11D3-BF4B-00C04F79EFBC}") = "PagosTc", "PagosTc\PagosTc.csproj", "{AB052D76-B65D-43E2-92DA-B03FA644E58B}"
EndProject
Global
	GlobalSection(SolutionConfigurationPlatforms) = preSolution
		Debug|Any CPU = Debug|Any CPU
		Release|Any CPU = Release|Any CPU
	EndGlobalSection
	GlobalSection(ProjectConfigurationPlatforms) = postSolution
		{AB052D76-B65D-43E2-92DA-B03FA644E58B}.Debug|Any CPU.ActiveCfg = Debug|Any CPU
		{AB052D76-B65D-43E2-92DA-B03FA644E58B}.Debug|Any CPU.Build.0 = Debug|Any CPU
		{AB052D76-B65D-43E2-92DA-B03FA644E58B}.Release|Any CPU.ActiveCfg = Release|Any CPU
		{AB052D76-B65D-43E2-92DA-B03FA644E58B}.Release|Any CPU.Build.0 = Release|Any CPU
	EndGlobalSection
	GlobalSection(SolutionProperties) = preSolution
		HideSolutionNode = FALSE
	EndGlobalSection
	GlobalSection(ExtensibilityGlobals) = postSolution
		SolutionGuid = {DCD5070D-0293-4E81-A280-D71B9AC50D89}
	EndGlobalSection
EndGlobal
